{
  "name": "01_test_encrypt",
  "lockfileVersion": 2,
  "requires": true,
  "packages": {
    "": {
      "dependencies": {
        "crypto-js": "^4.1.1",
        "http2": "^3.3.7"
      }
    },
    "node_modules/crypto-js": {
      "version": "4.1.1",
      "resolved": "https://registry.npmjs.org/crypto-js/-/crypto-js-4.1.1.tgz",
      "integrity": "sha512-o2JlM7ydqd3Qk9CA0L4NL6mTzU2sdx96a+oOfPu8Mkl/PK51vSyoi8/rQ8NknZtk44vq15lmhAj9CIAGwgeWKw=="
    },
    "node_modules/http2": {
      "version": "3.3.7",
      "resolved": "https://registry.npmjs.org/http2/-/http2-3.3.7.tgz",
      "integrity": "sha512-puSi8M8WNlFJm9Pk4c/Mbz9Gwparuj3gO9/RRO5zv6piQ0FY+9Qywp0PdWshYgsMJSalixFY7eC6oPu0zRxLAQ==",
      "deprecated": "Use the built-in module in node 9.0.0 or newer, instead",
      "engines": {
        "node": ">=0.12.0 <9.0.0"
      }
    }
  },
  "dependencies": {
    "crypto-js": {
      "version": "4.1.1",
      "resolved": "https://registry.npmjs.org/crypto-js/-/crypto-js-4.1.1.tgz",
      "integrity": "sha512-o2JlM7ydqd3Qk9CA0L4NL6mTzU2sdx96a+oOfPu8Mkl/PK51vSyoi8/rQ8NknZtk44vq15lmhAj9CIAGwgeWKw=="
    },
    "http2": {
      "version": "3.3.7",
      "resolved": "https://registry.npmjs.org/http2/-/http2-3.3.7.tgz",
      "integrity": "sha512-puSi8M8WNlFJm9Pk4c/Mbz9Gwparuj3gO9/RRO5zv6piQ0FY+9Qywp0PdWshYgsMJSalixFY7eC6oPu0zRxLAQ=="
    }
  }
}
